
Microsoft Visual Studio Solution File, Format Version 12.00
# Visual Studio Version 17
VisualStudioVersion = 17.14.36202.13 d17.14
MinimumVisualStudioVersion = 10.0.40219.1
Project("{FAE04EC0-301F-11D3-BF4B-00C04F79EFBC}") = "LuftbornTask", "LuftbornTask.csproj", "{EC24031D-9771-B45C-A9CA-342BDE043F59}"
EndProject
Global
	GlobalSection(SolutionConfigurationPlatforms) = preSolution
		Debug|Any CPU = Debug|Any CPU
		Release|Any CPU = Release|Any CPU
	EndGlobalSection
	GlobalSection(ProjectConfigurationPlatforms) = postSolution
		{EC24031D-9771-B45C-A9CA-342BDE043F59}.Debug|Any CPU.ActiveCfg = Debug|Any CPU
		{EC24031D-9771-B45C-A9CA-342BDE043F59}.Debug|Any CPU.Build.0 = Debug|Any CPU
		{EC24031D-9771-B45C-A9CA-342BDE043F59}.Release|Any CPU.ActiveCfg = Release|Any CPU
		{EC24031D-9771-B45C-A9CA-342BDE043F59}.Release|Any CPU.Build.0 = Release|Any CPU
	EndGlobalSection
	GlobalSection(SolutionProperties) = preSolution
		HideSolutionNode = FALSE
	EndGlobalSection
	GlobalSection(ExtensibilityGlobals) = postSolution
		SolutionGuid = {96962127-05A2-4513-9EEB-78CB21D3A153}
	EndGlobalSection
EndGlobal
